{
  "pins" : [
    {
      "identity" : "mapsindoors-ios",
      "kind" : "remoteSourceControl",
      "location" : "https://github.com/MapsPeople/mapsindoors-ios.git",
      "state" : {
        "revision" : "0080fbf7e474210eac6ed9d31e5170971c3c13cb",
        "version" : "4.5.12"
      }
    }
  ],
  "version" : 2
}
